
Microsoft Visual Studio Solution File, Format Version 12.00
# Visual Studio 15
VisualStudioVersion = 15.0.27703.2026
MinimumVisualStudioVersion = 10.0.40219.1
Project("{FAE04EC0-301F-11D3-BF4B-00C04F79EFBC}") = "BattleshipGame", "BattleshipGame\BattleshipGame.csproj", "{CC7174EA-69C4-40A8-A58E-50567302F8F0}"
EndProject
Global
	GlobalSection(SolutionConfigurationPlatforms) = preSolution
		Debug|Any CPU = Debug|Any CPU
		Release|Any CPU = Release|Any CPU
	EndGlobalSection
	GlobalSection(ProjectConfigurationPlatforms) = postSolution
		{CC7174EA-69C4-40A8-A58E-50567302F8F0}.Debug|Any CPU.ActiveCfg = Debug|Any CPU
		{CC7174EA-69C4-40A8-A58E-50567302F8F0}.Debug|Any CPU.Build.0 = Debug|Any CPU
		{CC7174EA-69C4-40A8-A58E-50567302F8F0}.Release|Any CPU.ActiveCfg = Release|Any CPU
		{CC7174EA-69C4-40A8-A58E-50567302F8F0}.Release|Any CPU.Build.0 = Release|Any CPU
	EndGlobalSection
	GlobalSection(SolutionProperties) = preSolution
		HideSolutionNode = FALSE
	EndGlobalSection
	GlobalSection(ExtensibilityGlobals) = postSolution
		SolutionGuid = {02F31E67-EE42-4A1C-904D-CACC1330D710}
	EndGlobalSection
EndGlobal
